// !$*UTF8*$!
{
	archiveVersion = 1;
	classes = {
	};
	objectVersion = 55;
	objects = {

/* Begin PBXBuildFile section */
		CE5ECCA128A7DEF9000D584A /* Main.storyboard in Resources */ = {isa = PBXBuildFile; fileRef = CE5ECC9F28A7DEF9000D584A /* Main.storyboard */; };
		CE5ECCA228A7DEF9000D584A /* LaunchScreen.storyboard in Resources */ = {isa = PBXBuildFile; fileRef = CE5ECCA028A7DEF9000D584A /* LaunchScreen.storyboard */; };
		CE5ECCA528AB9A57000D584A /* Alamofire in Frameworks */ = {isa = PBXBuildFile; productRef = CE5ECCA428AB9A57000D584A /* Alamofire */; };
		CEDDFC5628A263970090F632 /* AppDelegate.swift in Sources */ = {isa = PBXBuildFile; fileRef = CEDDFC5528A263970090F632 /* AppDelegate.swift */; };
		CEDDFC5828A263970090F632 /* SceneDelegate.swift in Sources */ = {isa = PBXBuildFile; fileRef = CEDDFC5728A263970090F632 /* SceneDelegate.swift */; };
		CEDDFC5F28A263990090F632 /* Assets.xcassets in Resources */ = {isa = PBXBuildFile; fileRef = CEDDFC5E28A263990090F632 /* Assets.xcassets */; };
		CEDDFC6A28A263AA0090F632 /* Model.swift in Sources */ = {isa = PBXBuildFile; fileRef = CEDDFC6928A263AA0090F632 /* Model.swift */; };
		CEDDFC6C28A7A2CE0090F632 /* NetworkManager.swift in Sources */ = {isa = PBXBuildFile; fileRef = CEDDFC6B28A7A2CE0090F632 /* NetworkManager.swift */; };
		CEDDFC7428A7B00E0090F632 /* HeroesTableViewController.swift in Sources */ = {isa = PBXBuildFile; fileRef = CEDDFC7328A7B00E0090F632 /* HeroesTableViewController.swift */; };
		CEDDFC7628A7B0180090F632 /* PlanetsTableViewController.swift in Sources */ = {isa = PBXBuildFile; fileRef = CEDDFC7528A7B0180090F632 /* PlanetsTableViewController.swift */; };
		CEDDFC7A28A7B0970090F632 /* HeroDetailsViewController.swift in Sources */ = {isa = PBXBuildFile; fileRef = CEDDFC7928A7B0970090F632 /* HeroDetailsViewController.swift */; };
		CEDDFC7C28A7B0A10090F632 /* PlanetDetailsViewController.swift in Sources */ = {isa = PBXBuildFile; fileRef = CEDDFC7B28A7B0A10090F632 /* PlanetDetailsViewController.swift */; };
/* End PBXBuildFile section */

/* Begin PBXFileReference section */
		CE5ECC9F28A7DEF9000D584A /* Main.storyboard */ = {isa = PBXFileReference; fileEncoding = 4; lastKnownFileType = file.storyboard; path = Main.storyboard; sourceTree = "<group>"; };
		CE5ECCA028A7DEF9000D584A /* LaunchScreen.storyboard */ = {isa = PBXFileReference; fileEncoding = 4; lastKnownFileType = file.storyboard; path = LaunchScreen.storyboard; sourceTree = "<group>"; };
		CEDDFC5228A263970090F632 /* SWEnvironment.app */ = {isa = PBXFileReference; explicitFileType = wrapper.application; includeInIndex = 0; path = SWEnvironment.app; sourceTree = BUILT_PRODUCTS_DIR; };
		CEDDFC5528A263970090F632 /* AppDelegate.swift */ = {isa = PBXFileReference; lastKnownFileType = sourcecode.swift; path = AppDelegate.swift; sourceTree = "<group>"; };
		CEDDFC5728A263970090F632 /* SceneDelegate.swift */ = {isa = PBXFileReference; lastKnownFileType = sourcecode.swift; path = SceneDelegate.swift; sourceTree = "<group>"; };
		CEDDFC5E28A263990090F632 /* Assets.xcassets */ = {isa = PBXFileReference; lastKnownFileType = folder.assetcatalog; path = Assets.xcassets; sourceTree = "<group>"; };
		CEDDFC6328A263990090F632 /* Info.plist */ = {isa = PBXFileReference; lastKnownFileType = text.plist.xml; path = Info.plist; sourceTree = "<group>"; };
		CEDDFC6928A263AA0090F632 /* Model.swift */ = {isa = PBXFileReference; lastKnownFileType = sourcecode.swift; path = Model.swift; sourceTree = "<group>"; };
		CEDDFC6B28A7A2CE0090F632 /* NetworkManager.swift */ = {isa = PBXFileReference; lastKnownFileType = sourcecode.swift; path = NetworkManager.swift; sourceTree = "<group>"; };
		CEDDFC7328A7B00E0090F632 /* HeroesTableViewController.swift */ = {isa = PBXFileReference; lastKnownFileType = sourcecode.swift; path = HeroesTableViewController.swift; sourceTree = "<group>"; };
		CEDDFC7528A7B0180090F632 /* PlanetsTableViewController.swift */ = {isa = PBXFileReference; lastKnownFileType = sourcecode.swift; path = PlanetsTableViewController.swift; sourceTree = "<group>"; };
		CEDDFC7928A7B0970090F632 /* HeroDetailsViewController.swift */ = {isa = PBXFileReference; lastKnownFileType = sourcecode.swift; path = HeroDetailsViewController.swift; sourceTree = "<group>"; };
		CEDDFC7B28A7B0A10090F632 /* PlanetDetailsViewController.swift */ = {isa = PBXFileReference; lastKnownFileType = sourcecode.swift; path = PlanetDetailsViewController.swift; sourceTree = "<group>"; };
/* End PBXFileReference section */

/* Begin PBXFrameworksBuildPhase section */
		CEDDFC4F28A263970090F632 /* Frameworks */ = {
			isa = PBXFrameworksBuildPhase;
			buildActionMask = 2147483647;
			files = (
				CE5ECCA528AB9A57000D584A /* Alamofire in Frameworks */,
			);
			runOnlyForDeploymentPostprocessing = 0;
		};
/* End PBXFrameworksBuildPhase section */

/* Begin PBXGroup section */
		CEDDFC4928A263970090F632 = {
			isa = PBXGroup;
			children = (
				CEDDFC5428A263970090F632 /* SWEnvironment */,
				CEDDFC5328A263970090F632 /* Products */,
			);
			sourceTree = "<group>";
		};
		CEDDFC5328A263970090F632 /* Products */ = {
			isa = PBXGroup;
			children = (
				CEDDFC5228A263970090F632 /* SWEnvironment.app */,
			);
			name = Products;
			sourceTree = "<group>";
		};
		CEDDFC5428A263970090F632 /* SWEnvironment */ = {
			isa = PBXGroup;
			children = (
				CEDDFC8328A7D8C70090F632 /* App */,
				CEDDFC8228A7D8B90090F632 /* Services */,
				CEDDFC8128A7D8B30090F632 /* Model */,
				CEDDFC8028A7D8900090F632 /* Storyboards */,
				CEDDFC7F28A7D8720090F632 /* ViewControllers */,
				CEDDFC8428A7D8D30090F632 /* Resources */,
			);
			path = SWEnvironment;
			sourceTree = "<group>";
		};
		CEDDFC7F28A7D8720090F632 /* ViewControllers */ = {
			isa = PBXGroup;
			children = (
				CEDDFC7928A7B0970090F632 /* HeroDetailsViewController.swift */,
				CEDDFC7B28A7B0A10090F632 /* PlanetDetailsViewController.swift */,
				CEDDFC7328A7B00E0090F632 /* HeroesTableViewController.swift */,
				CEDDFC7528A7B0180090F632 /* PlanetsTableViewController.swift */,
			);
			path = ViewControllers;
			sourceTree = "<group>";
		};
		CEDDFC8028A7D8900090F632 /* Storyboards */ = {
			isa = PBXGroup;
			children = (
				CE5ECCA028A7DEF9000D584A /* LaunchScreen.storyboard */,
				CE5ECC9F28A7DEF9000D584A /* Main.storyboard */,
			);
			path = Storyboards;
			sourceTree = "<group>";
		};
		CEDDFC8128A7D8B30090F632 /* Model */ = {
			isa = PBXGroup;
			children = (
				CEDDFC6928A263AA0090F632 /* Model.swift */,
			);
			path = Model;
			sourceTree = "<group>";
		};
		CEDDFC8228A7D8B90090F632 /* Services */ = {
			isa = PBXGroup;
			children = (
				CEDDFC6B28A7A2CE0090F632 /* NetworkManager.swift */,
			);
			path = Services;
			sourceTree = "<group>";
		};
		CEDDFC8328A7D8C70090F632 /* App */ = {
			isa = PBXGroup;
			children = (
				CEDDFC5528A263970090F632 /* AppDelegate.swift */,
				CEDDFC5728A263970090F632 /* SceneDelegate.swift */,
				CEDDFC6328A263990090F632 /* Info.plist */,
			);
			path = App;
			sourceTree = "<group>";
		};
		CEDDFC8428A7D8D30090F632 /* Resources */ = {
			isa = PBXGroup;
			children = (
				CEDDFC5E28A263990090F632 /* Assets.xcassets */,
			);
			path = Resources;
			sourceTree = "<group>";
		};
/* End PBXGroup section */

/* Begin PBXNativeTarget section */
		CEDDFC5128A263970090F632 /* SWEnvironment */ = {
			isa = PBXNativeTarget;
			buildConfigurationList = CEDDFC6628A263990090F632 /* Build configuration list for PBXNativeTarget "SWEnvironment" */;
			buildPhases = (
				CEDDFC4E28A263970090F632 /* Sources */,
				CEDDFC4F28A263970090F632 /* Frameworks */,
				CEDDFC5028A263970090F632 /* Resources */,
			);
			buildRules = (
			);
			dependencies = (
			);
			name = SWEnvironment;
			packageProductDependencies = (
				CE5ECCA428AB9A57000D584A /* Alamofire */,
			);
			productName = SWEnvironment;
			productReference = CEDDFC5228A263970090F632 /* SWEnvironment.app */;
			productType = "com.apple.product-type.application";
		};
/* End PBXNativeTarget section */

/* Begin PBXProject section */
		CEDDFC4A28A263970090F632 /* Project object */ = {
			isa = PBXProject;
			attributes = {
				BuildIndependentTargetsInParallel = 1;
				LastSwiftUpdateCheck = 1340;
				LastUpgradeCheck = 1340;
				TargetAttributes = {
					CEDDFC5128A263970090F632 = {
						CreatedOnToolsVersion = 13.4.1;
					};
				};
			};
			buildConfigurationList = CEDDFC4D28A263970090F632 /* Build configuration list for PBXProject "SWEnvironment" */;
			compatibilityVersion = "Xcode 13.0";
			developmentRegion = en;
			hasScannedForEncodings = 0;
			knownRegions = (
				en,
				Base,
			);
			mainGroup = CEDDFC4928A263970090F632;
			packageReferences = (
				CE5ECCA328AB9A57000D584A /* XCRemoteSwiftPackageReference "Alamofire" */,
			);
			productRefGroup = CEDDFC5328A263970090F632 /* Products */;
			projectDirPath = "";
			projectRoot = "";
			targets = (
				CEDDFC5128A263970090F632 /* SWEnvironment */,
			);
		};
/* End PBXProject section */

/* Begin PBXResourcesBuildPhase section */
		CEDDFC5028A263970090F632 /* Resources */ = {
			isa = PBXResourcesBuildPhase;
			buildActionMask = 2147483647;
			files = (
				CE5ECCA228A7DEF9000D584A /* LaunchScreen.storyboard in Resources */,
				CEDDFC5F28A263990090F632 /* Assets.xcassets in Resources */,
				CE5ECCA128A7DEF9000D584A /* Main.storyboard in Resources */,
			);
			runOnlyForDeploymentPostprocessing = 0;
		};
/* End PBXResourcesBuildPhase section */

/* Begin PBXSourcesBuildPhase section */
		CEDDFC4E28A263970090F632 /* Sources */ = {
			isa = PBXSourcesBuildPhase;
			buildActionMask = 2147483647;
			files = (
				CEDDFC5628A263970090F632 /* AppDelegate.swift in Sources */,
				CEDDFC6C28A7A2CE0090F632 /* NetworkManager.swift in Sources */,
				CEDDFC5828A263970090F632 /* SceneDelegate.swift in Sources */,
				CEDDFC7C28A7B0A10090F632 /* PlanetDetailsViewController.swift in Sources */,
				CEDDFC6A28A263AA0090F632 /* Model.swift in Sources */,
				CEDDFC7A28A7B0970090F632 /* HeroDetailsViewController.swift in Sources */,
				CEDDFC7628A7B0180090F632 /* PlanetsTableViewController.swift in Sources */,
				CEDDFC7428A7B00E0090F632 /* HeroesTableViewController.swift in Sources */,
			);
			runOnlyForDeploymentPostprocessing = 0;
		};
/* End PBXSourcesBuildPhase section */

/* Begin XCBuildConfiguration section */
		CEDDFC6428A263990090F632 /* Debug */ = {
			isa = XCBuildConfiguration;
			buildSettings = {
				ALWAYS_SEARCH_USER_PATHS = NO;
				CLANG_ANALYZER_NONNULL = YES;
				CLANG_ANALYZER_NUMBER_OBJECT_CONVERSION = YES_AGGRESSIVE;
				CLANG_CXX_LANGUAGE_STANDARD = "gnu++17";
				CLANG_ENABLE_MODULES = YES;
				CLANG_ENABLE_OBJC_ARC = YES;
				CLANG_ENABLE_OBJC_WEAK = YES;
				CLANG_WARN_BLOCK_CAPTURE_AUTORELEASING = YES;
				CLANG_WARN_BOOL_CONVERSION = YES;
				CLANG_WARN_COMMA = YES;
				CLANG_WARN_CONSTANT_CONVERSION = YES;
				CLANG_WARN_DEPRECATED_OBJC_IMPLEMENTATIONS = YES;
				CLANG_WARN_DIRECT_OBJC_ISA_USAGE = YES_ERROR;
				CLANG_WARN_DOCUMENTATION_COMMENTS = YES;
				CLANG_WARN_EMPTY_BODY = YES;
				CLANG_WARN_ENUM_CONVERSION = YES;
				CLANG_WARN_INFINITE_RECURSION = YES;
				CLANG_WARN_INT_CONVERSION = YES;
				CLANG_WARN_NON_LITERAL_NULL_CONVERSION = YES;
				CLANG_WARN_OBJC_IMPLICIT_RETAIN_SELF = YES;
				CLANG_WARN_OBJC_LITERAL_CONVERSION = YES;
				CLANG_WARN_OBJC_ROOT_CLASS = YES_ERROR;
				CLANG_WARN_QUOTED_INCLUDE_IN_FRAMEWORK_HEADER = YES;
				CLANG_WARN_RANGE_LOOP_ANALYSIS = YES;
				CLANG_WARN_STRICT_PROTOTYPES = YES;
				CLANG_WARN_SUSPICIOUS_MOVE = YES;
				CLANG_WARN_UNGUARDED_AVAILABILITY = YES_AGGRESSIVE;
				CLANG_WARN_UNREACHABLE_CODE = YES;
				CLANG_WARN__DUPLICATE_METHOD_MATCH = YES;
				COPY_PHASE_STRIP = NO;
				DEBUG_INFORMATION_FORMAT = dwarf;
				ENABLE_STRICT_OBJC_MSGSEND = YES;
				ENABLE_TESTABILITY = YES;
				GCC_C_LANGUAGE_STANDARD = gnu11;
				GCC_DYNAMIC_NO_PIC = NO;
				GCC_NO_COMMON_BLOCKS = YES;
				GCC_OPTIMIZATION_LEVEL = 0;
				GCC_PREPROCESSOR_DEFINITIONS = (
					"DEBUG=1",
					"$(inherited)",
				);
				GCC_WARN_64_TO_32_BIT_CONVERSION = YES;
				GCC_WARN_ABOUT_RETURN_TYPE = YES_ERROR;
				GCC_WARN_UNDECLARED_SELECTOR = YES;
				GCC_WARN_UNINITIALIZED_AUTOS = YES_AGGRESSIVE;
				GCC_WARN_UNUSED_FUNCTION = YES;
				GCC_WARN_UNUSED_VARIABLE = YES;
				IPHONEOS_DEPLOYMENT_TARGET = 15.5;
				MTL_ENABLE_DEBUG_INFO = INCLUDE_SOURCE;
				MTL_FAST_MATH = YES;
				ONLY_ACTIVE_ARCH = YES;
				SDKROOT = iphoneos;
				SWIFT_ACTIVE_COMPILATION_CONDITIONS = DEBUG;
				SWIFT_OPTIMIZATION_LEVEL = "-Onone";
			};
			name = Debug;
		};
		CEDDFC6528A263990090F632 /* Release */ = {
			isa = XCBuildConfiguration;
			buildSettings = {
				ALWAYS_SEARCH_USER_PATHS = NO;
				CLANG_ANALYZER_NONNULL = YES;
				CLANG_ANALYZER_NUMBER_OBJECT_CONVERSION = YES_AGGRESSIVE;
				CLANG_CXX_LANGUAGE_STANDARD = "gnu++17";
				CLANG_ENABLE_MODULES = YES;
				CLANG_ENABLE_OBJC_ARC = YES;
				CLANG_ENABLE_OBJC_WEAK = YES;
				CLANG_WARN_BLOCK_CAPTURE_AUTORELEASING = YES;
				CLANG_WARN_BOOL_CONVERSION = YES;
				CLANG_WARN_COMMA = YES;
				CLANG_WARN_CONSTANT_CONVERSION = YES;
				CLANG_WARN_DEPRECATED_OBJC_IMPLEMENTATIONS = YES;
				CLANG_WARN_DIRECT_OBJC_ISA_USAGE = YES_ERROR;
				CLANG_WARN_DOCUMENTATION_COMMENTS = YES;
				CLANG_WARN_EMPTY_BODY = YES;
				CLANG_WARN_ENUM_CONVERSION = YES;
				CLANG_WARN_INFINITE_RECURSION = YES;
				CLANG_WARN_INT_CONVERSION = YES;
				CLANG_WARN_NON_LITERAL_NULL_CONVERSION = YES;
				CLANG_WARN_OBJC_IMPLICIT_RETAIN_SELF = YES;
				CLANG_WARN_OBJC_LITERAL_CONVERSION = YES;
				CLANG_WARN_OBJC_ROOT_CLASS = YES_ERROR;
				CLANG_WARN_QUOTED_INCLUDE_IN_FRAMEWORK_HEADER = YES;
				CLANG_WARN_RANGE_LOOP_ANALYSIS = YES;
				CLANG_WARN_STRICT_PROTOTYPES = YES;
				CLANG_WARN_SUSPICIOUS_MOVE = YES;
				CLANG_WARN_UNGUARDED_AVAILABILITY = YES_AGGRESSIVE;
				CLANG_WARN_UNREACHABLE_CODE = YES;
				CLANG_WARN__DUPLICATE_METHOD_MATCH = YES;
				COPY_PHASE_STRIP = NO;
				DEBUG_INFORMATION_FORMAT = "dwarf-with-dsym";
				ENABLE_NS_ASSERTIONS = NO;
				ENABLE_STRICT_OBJC_MSGSEND = YES;
				GCC_C_LANGUAGE_STANDARD = gnu11;
				GCC_NO_COMMON_BLOCKS = YES;
				GCC_WARN_64_TO_32_BIT_CONVERSION = YES;
				GCC_WARN_ABOUT_RETURN_TYPE = YES_ERROR;
				GCC_WARN_UNDECLARED_SELECTOR = YES;
				GCC_WARN_UNINITIALIZED_AUTOS = YES_AGGRESSIVE;
				GCC_WARN_UNUSED_FUNCTION = YES;
				GCC_WARN_UNUSED_VARIABLE = YES;
				IPHONEOS_DEPLOYMENT_TARGET = 15.5;
				MTL_ENABLE_DEBUG_INFO = NO;
				MTL_FAST_MATH = YES;
				SDKROOT = iphoneos;
				SWIFT_COMPILATION_MODE = wholemodule;
				SWIFT_OPTIMIZATION_LEVEL = "-O";
				VALIDATE_PRODUCT = YES;
			};
			name = Release;
		};
		CEDDFC6728A263990090F632 /* Debug */ = {
			isa = XCBuildConfiguration;
			buildSettings = {
				ASSETCATALOG_COMPILER_APPICON_NAME = AppIcon;
				ASSETCATALOG_COMPILER_GLOBAL_ACCENT_COLOR_NAME = AccentColor;
				CODE_SIGN_STYLE = Automatic;
				CURRENT_PROJECT_VERSION = 1;
				DEVELOPMENT_TEAM = WVNY5GBN9S;
				GENERATE_INFOPLIST_FILE = YES;
				INFOPLIST_FILE = SWEnvironment/App/Info.plist;
				INFOPLIST_KEY_UIApplicationSupportsIndirectInputEvents = YES;
				INFOPLIST_KEY_UILaunchStoryboardName = LaunchScreen;
				INFOPLIST_KEY_UIMainStoryboardFile = Main;
				INFOPLIST_KEY_UISupportedInterfaceOrientations_iPad = "UIInterfaceOrientationPortrait UIInterfaceOrientationPortraitUpsideDown UIInterfaceOrientationLandscapeLeft UIInterfaceOrientationLandscapeRight";
				INFOPLIST_KEY_UISupportedInterfaceOrientations_iPhone = "UIInterfaceOrientationPortrait UIInterfaceOrientationLandscapeLeft UIInterfaceOrientationLandscapeRight";
				LD_RUNPATH_SEARCH_PATHS = (
					"$(inherited)",
					"@executable_path/Frameworks",
				);
				MARKETING_VERSION = 1.0;
				PRODUCT_BUNDLE_IDENTIFIER = multiquz.SWEnvironment;
				PRODUCT_NAME = "$(TARGET_NAME)";
				SWIFT_EMIT_LOC_STRINGS = YES;
				SWIFT_VERSION = 5.0;
				TARGETED_DEVICE_FAMILY = "1,2";
			};
			name = Debug;
		};
		CEDDFC6828A263990090F632 /* Release */ = {
			isa = XCBuildConfiguration;
			buildSettings = {
				ASSETCATALOG_COMPILER_APPICON_NAME = AppIcon;
				ASSETCATALOG_COMPILER_GLOBAL_ACCENT_COLOR_NAME = AccentColor;
				CODE_SIGN_STYLE = Automatic;
				CURRENT_PROJECT_VERSION = 1;
				DEVELOPMENT_TEAM = WVNY5GBN9S;
				GENERATE_INFOPLIST_FILE = YES;
				INFOPLIST_FILE = SWEnvironment/App/Info.plist;
				INFOPLIST_KEY_UIApplicationSupportsIndirectInputEvents = YES;
				INFOPLIST_KEY_UILaunchStoryboardName = LaunchScreen;
				INFOPLIST_KEY_UIMainStoryboardFile = Main;
				INFOPLIST_KEY_UISupportedInterfaceOrientations_iPad = "UIInterfaceOrientationPortrait UIInterfaceOrientationPortraitUpsideDown UIInterfaceOrientationLandscapeLeft UIInterfaceOrientationLandscapeRight";
				INFOPLIST_KEY_UISupportedInterfaceOrientations_iPhone = "UIInterfaceOrientationPortrait UIInterfaceOrientationLandscapeLeft UIInterfaceOrientationLandscapeRight";
				LD_RUNPATH_SEARCH_PATHS = (
					"$(inherited)",
					"@executable_path/Frameworks",
				);
				MARKETING_VERSION = 1.0;
				PRODUCT_BUNDLE_IDENTIFIER = multiquz.SWEnvironment;
				PRODUCT_NAME = "$(TARGET_NAME)";
				SWIFT_EMIT_LOC_STRINGS = YES;
				SWIFT_VERSION = 5.0;
				TARGETED_DEVICE_FAMILY = "1,2";
			};
			name = Release;
		};
/* End XCBuildConfiguration section */

/* Begin XCConfigurationList section */
		CEDDFC4D28A263970090F632 /* Build configuration list for PBXProject "SWEnvironment" */ = {
			isa = XCConfigurationList;
			buildConfigurations = (
				CEDDFC6428A263990090F632 /* Debug */,
				CEDDFC6528A263990090F632 /* Release */,
			);
			defaultConfigurationIsVisible = 0;
			defaultConfigurationName = Release;
		};
		CEDDFC6628A263990090F632 /* Build configuration list for PBXNativeTarget "SWEnvironment" */ = {
			isa = XCConfigurationList;
			buildConfigurations = (
				CEDDFC6728A263990090F632 /* Debug */,
				CEDDFC6828A263990090F632 /* Release */,
			);
			defaultConfigurationIsVisible = 0;
			defaultConfigurationName = Release;
		};
/* End XCConfigurationList section */

/* Begin XCRemoteSwiftPackageReference section */
		CE5ECCA328AB9A57000D584A /* XCRemoteSwiftPackageReference "Alamofire" */ = {
			isa = XCRemoteSwiftPackageReference;
			repositoryURL = "https://github.com/Alamofire/Alamofire.git";
			requirement = {
				kind = upToNextMajorVersion;
				minimumVersion = 5.0.0;
			};
		};
/* End XCRemoteSwiftPackageReference section */

/* Begin XCSwiftPackageProductDependency section */
		CE5ECCA428AB9A57000D584A /* Alamofire */ = {
			isa = XCSwiftPackageProductDependency;
			package = CE5ECCA328AB9A57000D584A /* XCRemoteSwiftPackageReference "Alamofire" */;
			productName = Alamofire;
		};
/* End XCSwiftPackageProductDependency section */
	};
	rootObject = CEDDFC4A28A263970090F632 /* Project object */;
}
